{
  "name": "dataparser",
  "version": "1.0.0",
  "lockfileVersion": 2,
  "requires": true,
  "packages": {
    "": {
      "name": "dataparser",
      "version": "1.0.0",
      "license": "ISC",
      "dependencies": {
        "pathofexile-dat": "^14.0.0",
        "pathofexile-dat-schema": "^8.0.0"
      }
    },
    "node_modules/ooz-wasm": {
      "version": "2.0.0",
      "resolved": "https://registry.npmjs.org/ooz-wasm/-/ooz-wasm-2.0.0.tgz",
      "integrity": "sha512-Ewk+Vga2m9niFGV5qT+4EKfBnFEQSQfnTdOWSlnQcpDB2OAdk7TpRHfKqxLSLhDKRjKjw9R+sGlOreWW8ABR0A=="
    },
    "node_modules/pathofexile-dat": {
      "version": "14.0.0",
      "resolved": "https://registry.npmjs.org/pathofexile-dat/-/pathofexile-dat-14.0.0.tgz",
      "integrity": "sha512-6dZkPRvKKlNcKt25rXqPCqyTLPeZMUxgyueSpj6Bad0SajmBfto/tW52yZu3i4uhWm0ptxvsgzwnHRdir79bVA==",
      "dependencies": {
        "ooz-wasm": "^2.0.0",
        "pathofexile-dat-schema": "^8.0.0"
      },
      "bin": {
        "pathofexile-dat": "dist/cli/run.js"
      },
      "engines": {
        "node": ">=18.0.0"
      }
    },
    "node_modules/pathofexile-dat-schema": {
      "version": "8.0.0",
      "resolved": "https://registry.npmjs.org/pathofexile-dat-schema/-/pathofexile-dat-schema-8.0.0.tgz",
      "integrity": "sha512-sn/8cJHbDCM6HjLMk9LnWXXS5Nbl2YqzqZslbooC7ankKbnr0tBwfl8AxM5fI+IzX49zNnKGuqpFvQQ2UMFuig=="
    }
  },
  "dependencies": {
    "ooz-wasm": {
      "version": "2.0.0",
      "resolved": "https://registry.npmjs.org/ooz-wasm/-/ooz-wasm-2.0.0.tgz",
      "integrity": "sha512-Ewk+Vga2m9niFGV5qT+4EKfBnFEQSQfnTdOWSlnQcpDB2OAdk7TpRHfKqxLSLhDKRjKjw9R+sGlOreWW8ABR0A=="
    },
    "pathofexile-dat": {
      "version": "14.0.0",
      "resolved": "https://registry.npmjs.org/pathofexile-dat/-/pathofexile-dat-14.0.0.tgz",
      "integrity": "sha512-6dZkPRvKKlNcKt25rXqPCqyTLPeZMUxgyueSpj6Bad0SajmBfto/tW52yZu3i4uhWm0ptxvsgzwnHRdir79bVA==",
      "requires": {
        "ooz-wasm": "^2.0.0",
        "pathofexile-dat-schema": "^8.0.0"
      }
    },
    "pathofexile-dat-schema": {
      "version": "8.0.0",
      "resolved": "https://registry.npmjs.org/pathofexile-dat-schema/-/pathofexile-dat-schema-8.0.0.tgz",
      "integrity": "sha512-sn/8cJHbDCM6HjLMk9LnWXXS5Nbl2YqzqZslbooC7ankKbnr0tBwfl8AxM5fI+IzX49zNnKGuqpFvQQ2UMFuig=="
    }
  }
}
